
Microsoft Visual Studio Solution File, Format Version 12.00
# Visual Studio Version 17
VisualStudioVersion = 17.12.35707.178 d17.12
MinimumVisualStudioVersion = 10.0.40219.1
Project("{FAE04EC0-301F-11D3-BF4B-00C04F79EFBC}") = "RecordsVSClasses", "RecordsVSClasses\RecordsVSClasses.csproj", "{F3DD530F-B7DD-47F7-BB8D-ED27A7751DA6}"
EndProject
Project("{2150E333-8FDC-42A3-9474-1A3956D46DE8}") = "Solution Items", "Solution Items", "{82931A60-EFE5-4173-975B-7EE6ACA91651}"
	ProjectSection(SolutionItems) = preProject
		README.md = README.md
	EndProjectSection
EndProject
Global
	GlobalSection(SolutionConfigurationPlatforms) = preSolution
		Debug|Any CPU = Debug|Any CPU
		Release|Any CPU = Release|Any CPU
	EndGlobalSection
	GlobalSection(ProjectConfigurationPlatforms) = postSolution
		{F3DD530F-B7DD-47F7-BB8D-ED27A7751DA6}.Debug|Any CPU.ActiveCfg = Debug|Any CPU
		{F3DD530F-B7DD-47F7-BB8D-ED27A7751DA6}.Debug|Any CPU.Build.0 = Debug|Any CPU
		{F3DD530F-B7DD-47F7-BB8D-ED27A7751DA6}.Release|Any CPU.ActiveCfg = Release|Any CPU
		{F3DD530F-B7DD-47F7-BB8D-ED27A7751DA6}.Release|Any CPU.Build.0 = Release|Any CPU
	EndGlobalSection
	GlobalSection(SolutionProperties) = preSolution
		HideSolutionNode = FALSE
	EndGlobalSection
EndGlobal
